{
  "pins" : [
    {
      "identity" : "sdwebimage",
      "kind" : "remoteSourceControl",
      "location" : "https://github.com/SDWebImage/SDWebImage",
      "state" : {
        "branch" : "master",
        "revision" : "d82f5574e458549d11d0b0a68ca5c619ce251047"
      }
    }
  ],
  "version" : 2
}
