// !$*UTF8*$!
{
	archiveVersion = 1;
	classes = {
	};
	objectVersion = 55;
	objects = {

/* Begin PBXBuildFile section */
		0B86FE872A0E91BF00E814DC /* LocalRepository.swift in Sources */ = {isa = PBXBuildFile; fileRef = 0B86FE862A0E91BF00E814DC /* LocalRepository.swift */; };
		0BCAFE9A28C0D24F0064645D /* UIImageViewExtensions.swift in Sources */ = {isa = PBXBuildFile; fileRef = 0BCAFE9928C0D24F0064645D /* UIImageViewExtensions.swift */; };
		0BCAFE9D28C0D5970064645D /* SDWebImage in Frameworks */ = {isa = PBXBuildFile; productRef = 0BCAFE9C28C0D5970064645D /* SDWebImage */; };
		0BCAFE9F28C0D92D0064645D /* UIViewExtesions.swift in Sources */ = {isa = PBXBuildFile; fileRef = 0BCAFE9E28C0D92D0064645D /* UIViewExtesions.swift */; };
		0BDC7FD728BB24A500C72E47 /* WebService.swift in Sources */ = {isa = PBXBuildFile; fileRef = 0BDC7FD528BB24A500C72E47 /* WebService.swift */; };
		0BDC7FD828BB24A500C72E47 /* Repository.swift in Sources */ = {isa = PBXBuildFile; fileRef = 0BDC7FD628BB24A500C72E47 /* Repository.swift */; };
		0BDC7FDB28BB2CA400C72E47 /* SearchMovieResponse.swift in Sources */ = {isa = PBXBuildFile; fileRef = 0BDC7FDA28BB2CA400C72E47 /* SearchMovieResponse.swift */; };
		3833DEEC28B7EC50007333B0 /* AppDelegate.swift in Sources */ = {isa = PBXBuildFile; fileRef = 3833DEEB28B7EC50007333B0 /* AppDelegate.swift */; };
		3833DEEE28B7EC50007333B0 /* SceneDelegate.swift in Sources */ = {isa = PBXBuildFile; fileRef = 3833DEED28B7EC50007333B0 /* SceneDelegate.swift */; };
		3833DEF028B7EC50007333B0 /* SearchViewController.swift in Sources */ = {isa = PBXBuildFile; fileRef = 3833DEEF28B7EC50007333B0 /* SearchViewController.swift */; };
		3833DEF328B7EC50007333B0 /* Main.storyboard in Resources */ = {isa = PBXBuildFile; fileRef = 3833DEF128B7EC50007333B0 /* Main.storyboard */; };
		3833DEF528B7EC54007333B0 /* Assets.xcassets in Resources */ = {isa = PBXBuildFile; fileRef = 3833DEF428B7EC54007333B0 /* Assets.xcassets */; };
		3833DEF828B7EC54007333B0 /* LaunchScreen.storyboard in Resources */ = {isa = PBXBuildFile; fileRef = 3833DEF628B7EC54007333B0 /* LaunchScreen.storyboard */; };
		3833DF0328B7EC54007333B0 /* MovieDBTests.swift in Sources */ = {isa = PBXBuildFile; fileRef = 3833DF0228B7EC54007333B0 /* MovieDBTests.swift */; };
		3833DF0D28B7EC55007333B0 /* MovieDBUITests.swift in Sources */ = {isa = PBXBuildFile; fileRef = 3833DF0C28B7EC55007333B0 /* MovieDBUITests.swift */; };
		3833DF0F28B7EC55007333B0 /* MovieDBUITestsLaunchTests.swift in Sources */ = {isa = PBXBuildFile; fileRef = 3833DF0E28B7EC55007333B0 /* MovieDBUITestsLaunchTests.swift */; };
		3833DF1C28B7ECAE007333B0 /* Test_SearchViewController.swift in Sources */ = {isa = PBXBuildFile; fileRef = 3833DF1B28B7ECAE007333B0 /* Test_SearchViewController.swift */; };
		3833DF1E28B7ECC8007333B0 /* Test_MovieViewController.swift in Sources */ = {isa = PBXBuildFile; fileRef = 3833DF1D28B7ECC8007333B0 /* Test_MovieViewController.swift */; };
		3833DF2528B7F0D1007333B0 /* Localizable.strings in Resources */ = {isa = PBXBuildFile; fileRef = 3833DF2728B7F0D1007333B0 /* Localizable.strings */; };
		3833DF2B28B7F1A3007333B0 /* StringExtensions.swift in Sources */ = {isa = PBXBuildFile; fileRef = 3833DF2A28B7F1A3007333B0 /* StringExtensions.swift */; };
		3833DF2F28B7F5ED007333B0 /* SearchViewModel.swift in Sources */ = {isa = PBXBuildFile; fileRef = 3833DF2E28B7F5ED007333B0 /* SearchViewModel.swift */; };
		3833DF3128B7FC9E007333B0 /* UIViewControllerExtensions.swift in Sources */ = {isa = PBXBuildFile; fileRef = 3833DF3028B7FC9E007333B0 /* UIViewControllerExtensions.swift */; };
		3833DF3328B808B7007333B0 /* GlobalVariables.swift in Sources */ = {isa = PBXBuildFile; fileRef = 3833DF3228B808B7007333B0 /* GlobalVariables.swift */; };
		3866268E28B8F6A500806A2E /* MovieCollectionViewCell.xib in Resources */ = {isa = PBXBuildFile; fileRef = 3866268B28B8EE9800806A2E /* MovieCollectionViewCell.xib */; };
		3866268F28B8F6AB00806A2E /* MovieCollectionViewCell.swift in Sources */ = {isa = PBXBuildFile; fileRef = 3866268A28B8EE9800806A2E /* MovieCollectionViewCell.swift */; };
/* End PBXBuildFile section */

/* Begin PBXContainerItemProxy section */
		3833DEFF28B7EC54007333B0 /* PBXContainerItemProxy */ = {
			isa = PBXContainerItemProxy;
			containerPortal = 3833DEE028B7EC4F007333B0 /* Project object */;
			proxyType = 1;
			remoteGlobalIDString = 3833DEE728B7EC50007333B0;
			remoteInfo = MovieDB;
		};
		3833DF0928B7EC55007333B0 /* PBXContainerItemProxy */ = {
			isa = PBXContainerItemProxy;
			containerPortal = 3833DEE028B7EC4F007333B0 /* Project object */;
			proxyType = 1;
			remoteGlobalIDString = 3833DEE728B7EC50007333B0;
			remoteInfo = MovieDB;
		};
/* End PBXContainerItemProxy section */

/* Begin PBXFileReference section */
		0B86FE862A0E91BF00E814DC /* LocalRepository.swift */ = {isa = PBXFileReference; lastKnownFileType = sourcecode.swift; path = LocalRepository.swift; sourceTree = "<group>"; };
		0BCAFE9928C0D24F0064645D /* UIImageViewExtensions.swift */ = {isa = PBXFileReference; fileEncoding = 4; lastKnownFileType = sourcecode.swift; path = UIImageViewExtensions.swift; sourceTree = "<group>"; };
		0BCAFE9E28C0D92D0064645D /* UIViewExtesions.swift */ = {isa = PBXFileReference; lastKnownFileType = sourcecode.swift; path = UIViewExtesions.swift; sourceTree = "<group>"; };
		0BDC7FD528BB24A500C72E47 /* WebService.swift */ = {isa = PBXFileReference; fileEncoding = 4; lastKnownFileType = sourcecode.swift; path = WebService.swift; sourceTree = "<group>"; };
		0BDC7FD628BB24A500C72E47 /* Repository.swift */ = {isa = PBXFileReference; fileEncoding = 4; lastKnownFileType = sourcecode.swift; path = Repository.swift; sourceTree = "<group>"; };
		0BDC7FDA28BB2CA400C72E47 /* SearchMovieResponse.swift */ = {isa = PBXFileReference; lastKnownFileType = sourcecode.swift; path = SearchMovieResponse.swift; sourceTree = "<group>"; };
		3833DEE828B7EC50007333B0 /* MovieDB.app */ = {isa = PBXFileReference; explicitFileType = wrapper.application; includeInIndex = 0; path = MovieDB.app; sourceTree = BUILT_PRODUCTS_DIR; };
		3833DEEB28B7EC50007333B0 /* AppDelegate.swift */ = {isa = PBXFileReference; lastKnownFileType = sourcecode.swift; path = AppDelegate.swift; sourceTree = "<group>"; };
		3833DEED28B7EC50007333B0 /* SceneDelegate.swift */ = {isa = PBXFileReference; lastKnownFileType = sourcecode.swift; path = SceneDelegate.swift; sourceTree = "<group>"; };
		3833DEEF28B7EC50007333B0 /* SearchViewController.swift */ = {isa = PBXFileReference; lastKnownFileType = sourcecode.swift; path = SearchViewController.swift; sourceTree = "<group>"; };
		3833DEF228B7EC50007333B0 /* Base */ = {isa = PBXFileReference; lastKnownFileType = file.storyboard; name = Base; path = Base.lproj/Main.storyboard; sourceTree = "<group>"; };
		3833DEF428B7EC54007333B0 /* Assets.xcassets */ = {isa = PBXFileReference; lastKnownFileType = folder.assetcatalog; path = Assets.xcassets; sourceTree = "<group>"; };
		3833DEF728B7EC54007333B0 /* Base */ = {isa = PBXFileReference; lastKnownFileType = file.storyboard; name = Base; path = Base.lproj/LaunchScreen.storyboard; sourceTree = "<group>"; };
		3833DEF928B7EC54007333B0 /* Info.plist */ = {isa = PBXFileReference; lastKnownFileType = text.plist.xml; path = Info.plist; sourceTree = "<group>"; };
		3833DEFE28B7EC54007333B0 /* MovieDBTests.xctest */ = {isa = PBXFileReference; explicitFileType = wrapper.cfbundle; includeInIndex = 0; path = MovieDBTests.xctest; sourceTree = BUILT_PRODUCTS_DIR; };
		3833DF0228B7EC54007333B0 /* MovieDBTests.swift */ = {isa = PBXFileReference; lastKnownFileType = sourcecode.swift; path = MovieDBTests.swift; sourceTree = "<group>"; };
		3833DF0828B7EC55007333B0 /* MovieDBUITests.xctest */ = {isa = PBXFileReference; explicitFileType = wrapper.cfbundle; includeInIndex = 0; path = MovieDBUITests.xctest; sourceTree = BUILT_PRODUCTS_DIR; };
		3833DF0C28B7EC55007333B0 /* MovieDBUITests.swift */ = {isa = PBXFileReference; lastKnownFileType = sourcecode.swift; path = MovieDBUITests.swift; sourceTree = "<group>"; };
		3833DF0E28B7EC55007333B0 /* MovieDBUITestsLaunchTests.swift */ = {isa = PBXFileReference; lastKnownFileType = sourcecode.swift; path = MovieDBUITestsLaunchTests.swift; sourceTree = "<group>"; };
		3833DF1B28B7ECAE007333B0 /* Test_SearchViewController.swift */ = {isa = PBXFileReference; lastKnownFileType = sourcecode.swift; path = Test_SearchViewController.swift; sourceTree = "<group>"; };
		3833DF1D28B7ECC8007333B0 /* Test_MovieViewController.swift */ = {isa = PBXFileReference; lastKnownFileType = sourcecode.swift; path = Test_MovieViewController.swift; sourceTree = "<group>"; };
		3833DF2628B7F0D1007333B0 /* en */ = {isa = PBXFileReference; lastKnownFileType = text.plist.strings; name = en; path = en.lproj/Localizable.strings; sourceTree = "<group>"; };
		3833DF2828B7F0F0007333B0 /* ar */ = {isa = PBXFileReference; lastKnownFileType = text.plist.strings; name = ar; path = ar.lproj/Localizable.strings; sourceTree = "<group>"; };
		3833DF2928B7F118007333B0 /* fa */ = {isa = PBXFileReference; lastKnownFileType = text.plist.strings; name = fa; path = fa.lproj/Localizable.strings; sourceTree = "<group>"; };
		3833DF2A28B7F1A3007333B0 /* StringExtensions.swift */ = {isa = PBXFileReference; lastKnownFileType = sourcecode.swift; path = StringExtensions.swift; sourceTree = "<group>"; };
		3833DF2E28B7F5ED007333B0 /* SearchViewModel.swift */ = {isa = PBXFileReference; lastKnownFileType = sourcecode.swift; path = SearchViewModel.swift; sourceTree = "<group>"; };
		3833DF3028B7FC9E007333B0 /* UIViewControllerExtensions.swift */ = {isa = PBXFileReference; lastKnownFileType = sourcecode.swift; path = UIViewControllerExtensions.swift; sourceTree = "<group>"; };
		3833DF3228B808B7007333B0 /* GlobalVariables.swift */ = {isa = PBXFileReference; lastKnownFileType = sourcecode.swift; path = GlobalVariables.swift; sourceTree = "<group>"; };
		3866268A28B8EE9800806A2E /* MovieCollectionViewCell.swift */ = {isa = PBXFileReference; lastKnownFileType = sourcecode.swift; path = MovieCollectionViewCell.swift; sourceTree = "<group>"; };
		3866268B28B8EE9800806A2E /* MovieCollectionViewCell.xib */ = {isa = PBXFileReference; lastKnownFileType = file.xib; path = MovieCollectionViewCell.xib; sourceTree = "<group>"; };
/* End PBXFileReference section */

/* Begin PBXFrameworksBuildPhase section */
		3833DEE528B7EC50007333B0 /* Frameworks */ = {
			isa = PBXFrameworksBuildPhase;
			buildActionMask = 2147483647;
			files = (
				0BCAFE9D28C0D5970064645D /* SDWebImage in Frameworks */,
			);
			runOnlyForDeploymentPostprocessing = 0;
		};
		3833DEFB28B7EC54007333B0 /* Frameworks */ = {
			isa = PBXFrameworksBuildPhase;
			buildActionMask = 2147483647;
			files = (
			);
			runOnlyForDeploymentPostprocessing = 0;
		};
		3833DF0528B7EC55007333B0 /* Frameworks */ = {
			isa = PBXFrameworksBuildPhase;
			buildActionMask = 2147483647;
			files = (
			);
			runOnlyForDeploymentPostprocessing = 0;
		};
/* End PBXFrameworksBuildPhase section */

/* Begin PBXGroup section */
		0BDC7FD428BB248600C72E47 /* DataManagers */ = {
			isa = PBXGroup;
			children = (
				0BDC7FD628BB24A500C72E47 /* Repository.swift */,
				0B86FE862A0E91BF00E814DC /* LocalRepository.swift */,
				0BDC7FD528BB24A500C72E47 /* WebService.swift */,
			);
			path = DataManagers;
			sourceTree = "<group>";
		};
		0BDC7FD928BB2C8100C72E47 /* Models */ = {
			isa = PBXGroup;
			children = (
				0BDC7FDA28BB2CA400C72E47 /* SearchMovieResponse.swift */,
			);
			path = Models;
			sourceTree = "<group>";
		};
		3833DEDF28B7EC4F007333B0 = {
			isa = PBXGroup;
			children = (
				3833DEEA28B7EC50007333B0 /* MovieDB */,
				3833DF0128B7EC54007333B0 /* MovieDBTests */,
				3833DF0B28B7EC55007333B0 /* MovieDBUITests */,
				3833DEE928B7EC50007333B0 /* Products */,
			);
			sourceTree = "<group>";
		};
		3833DEE928B7EC50007333B0 /* Products */ = {
			isa = PBXGroup;
			children = (
				3833DEE828B7EC50007333B0 /* MovieDB.app */,
				3833DEFE28B7EC54007333B0 /* MovieDBTests.xctest */,
				3833DF0828B7EC55007333B0 /* MovieDBUITests.xctest */,
			);
			name = Products;
			sourceTree = "<group>";
		};
		3833DEEA28B7EC50007333B0 /* MovieDB */ = {
			isa = PBXGroup;
			children = (
				0BDC7FD428BB248600C72E47 /* DataManagers */,
				3833DF2028B7F07D007333B0 /* Resources */,
				0BDC7FD928BB2C8100C72E47 /* Models */,
				3833DF1F28B7F075007333B0 /* Helpers */,
				3866268828B8EE2D00806A2E /* Cells */,
				3833DF2C28B7F583007333B0 /* ViewControllers */,
				3833DEEB28B7EC50007333B0 /* AppDelegate.swift */,
				3833DEED28B7EC50007333B0 /* SceneDelegate.swift */,
				3833DEF428B7EC54007333B0 /* Assets.xcassets */,
				3833DEF128B7EC50007333B0 /* Main.storyboard */,
				3833DEF628B7EC54007333B0 /* LaunchScreen.storyboard */,
				3833DEF928B7EC54007333B0 /* Info.plist */,
			);
			path = MovieDB;
			sourceTree = "<group>";
		};
		3833DF0128B7EC54007333B0 /* MovieDBTests */ = {
			isa = PBXGroup;
			children = (
				3833DF0228B7EC54007333B0 /* MovieDBTests.swift */,
				3833DF1B28B7ECAE007333B0 /* Test_SearchViewController.swift */,
				3833DF1D28B7ECC8007333B0 /* Test_MovieViewController.swift */,
			);
			path = MovieDBTests;
			sourceTree = "<group>";
		};
		3833DF0B28B7EC55007333B0 /* MovieDBUITests */ = {
			isa = PBXGroup;
			children = (
				3833DF0C28B7EC55007333B0 /* MovieDBUITests.swift */,
				3833DF0E28B7EC55007333B0 /* MovieDBUITestsLaunchTests.swift */,
			);
			path = MovieDBUITests;
			sourceTree = "<group>";
		};
		3833DF1F28B7F075007333B0 /* Helpers */ = {
			isa = PBXGroup;
			children = (
				0BCAFE9928C0D24F0064645D /* UIImageViewExtensions.swift */,
				3833DF3028B7FC9E007333B0 /* UIViewControllerExtensions.swift */,
				3833DF2A28B7F1A3007333B0 /* StringExtensions.swift */,
				3833DF3228B808B7007333B0 /* GlobalVariables.swift */,
				0BCAFE9E28C0D92D0064645D /* UIViewExtesions.swift */,
			);
			path = Helpers;
			sourceTree = "<group>";
		};
		3833DF2028B7F07D007333B0 /* Resources */ = {
			isa = PBXGroup;
			children = (
				3833DF2728B7F0D1007333B0 /* Localizable.strings */,
			);
			path = Resources;
			sourceTree = "<group>";
		};
		3833DF2C28B7F583007333B0 /* ViewControllers */ = {
			isa = PBXGroup;
			children = (
				3833DF2D28B7F59B007333B0 /* SearchController */,
			);
			path = ViewControllers;
			sourceTree = "<group>";
		};
		3833DF2D28B7F59B007333B0 /* SearchController */ = {
			isa = PBXGroup;
			children = (
				3833DEEF28B7EC50007333B0 /* SearchViewController.swift */,
				3833DF2E28B7F5ED007333B0 /* SearchViewModel.swift */,
			);
			path = SearchController;
			sourceTree = "<group>";
		};
		3866268828B8EE2D00806A2E /* Cells */ = {
			isa = PBXGroup;
			children = (
				3866268928B8EE3D00806A2E /* MovieCollectionviewCell */,
			);
			path = Cells;
			sourceTree = "<group>";
		};
		3866268928B8EE3D00806A2E /* MovieCollectionviewCell */ = {
			isa = PBXGroup;
			children = (
				3866268A28B8EE9800806A2E /* MovieCollectionViewCell.swift */,
				3866268B28B8EE9800806A2E /* MovieCollectionViewCell.xib */,
			);
			path = MovieCollectionviewCell;
			sourceTree = "<group>";
		};
/* End PBXGroup section */

/* Begin PBXNativeTarget section */
		3833DEE728B7EC50007333B0 /* MovieDB */ = {
			isa = PBXNativeTarget;
			buildConfigurationList = 3833DF1228B7EC55007333B0 /* Build configuration list for PBXNativeTarget "MovieDB" */;
			buildPhases = (
				3833DEE428B7EC50007333B0 /* Sources */,
				3833DEE528B7EC50007333B0 /* Frameworks */,
				3833DEE628B7EC50007333B0 /* Resources */,
			);
			buildRules = (
			);
			dependencies = (
			);
			name = MovieDB;
			packageProductDependencies = (
				0BCAFE9C28C0D5970064645D /* SDWebImage */,
			);
			productName = MovieDB;
			productReference = 3833DEE828B7EC50007333B0 /* MovieDB.app */;
			productType = "com.apple.product-type.application";
		};
		3833DEFD28B7EC54007333B0 /* MovieDBTests */ = {
			isa = PBXNativeTarget;
			buildConfigurationList = 3833DF1528B7EC55007333B0 /* Build configuration list for PBXNativeTarget "MovieDBTests" */;
			buildPhases = (
				3833DEFA28B7EC54007333B0 /* Sources */,
				3833DEFB28B7EC54007333B0 /* Frameworks */,
				3833DEFC28B7EC54007333B0 /* Resources */,
			);
			buildRules = (
			);
			dependencies = (
				3833DF0028B7EC54007333B0 /* PBXTargetDependency */,
			);
			name = MovieDBTests;
			productName = MovieDBTests;
			productReference = 3833DEFE28B7EC54007333B0 /* MovieDBTests.xctest */;
			productType = "com.apple.product-type.bundle.unit-test";
		};
		3833DF0728B7EC55007333B0 /* MovieDBUITests */ = {
			isa = PBXNativeTarget;
			buildConfigurationList = 3833DF1828B7EC55007333B0 /* Build configuration list for PBXNativeTarget "MovieDBUITests" */;
			buildPhases = (
				3833DF0428B7EC55007333B0 /* Sources */,
				3833DF0528B7EC55007333B0 /* Frameworks */,
				3833DF0628B7EC55007333B0 /* Resources */,
			);
			buildRules = (
			);
			dependencies = (
				3833DF0A28B7EC55007333B0 /* PBXTargetDependency */,
			);
			name = MovieDBUITests;
			productName = MovieDBUITests;
			productReference = 3833DF0828B7EC55007333B0 /* MovieDBUITests.xctest */;
			productType = "com.apple.product-type.bundle.ui-testing";
		};
/* End PBXNativeTarget section */

/* Begin PBXProject section */
		3833DEE028B7EC4F007333B0 /* Project object */ = {
			isa = PBXProject;
			attributes = {
				BuildIndependentTargetsInParallel = 1;
				LastSwiftUpdateCheck = 1340;
				LastUpgradeCheck = 1340;
				TargetAttributes = {
					3833DEE728B7EC50007333B0 = {
						CreatedOnToolsVersion = 13.4.1;
					};
					3833DEFD28B7EC54007333B0 = {
						CreatedOnToolsVersion = 13.4.1;
						TestTargetID = 3833DEE728B7EC50007333B0;
					};
					3833DF0728B7EC55007333B0 = {
						CreatedOnToolsVersion = 13.4.1;
						TestTargetID = 3833DEE728B7EC50007333B0;
					};
				};
			};
			buildConfigurationList = 3833DEE328B7EC4F007333B0 /* Build configuration list for PBXProject "MovieDB" */;
			compatibilityVersion = "Xcode 13.0";
			developmentRegion = en;
			hasScannedForEncodings = 0;
			knownRegions = (
				en,
				Base,
				ar,
				fa,
			);
			mainGroup = 3833DEDF28B7EC4F007333B0;
			packageReferences = (
				0BCAFE9B28C0D5970064645D /* XCRemoteSwiftPackageReference "SDWebImage" */,
			);
			productRefGroup = 3833DEE928B7EC50007333B0 /* Products */;
			projectDirPath = "";
			projectRoot = "";
			targets = (
				3833DEE728B7EC50007333B0 /* MovieDB */,
				3833DEFD28B7EC54007333B0 /* MovieDBTests */,
				3833DF0728B7EC55007333B0 /* MovieDBUITests */,
			);
		};
/* End PBXProject section */

/* Begin PBXResourcesBuildPhase section */
		3833DEE628B7EC50007333B0 /* Resources */ = {
			isa = PBXResourcesBuildPhase;
			buildActionMask = 2147483647;
			files = (
				3866268E28B8F6A500806A2E /* MovieCollectionViewCell.xib in Resources */,
				3833DEF828B7EC54007333B0 /* LaunchScreen.storyboard in Resources */,
				3833DF2528B7F0D1007333B0 /* Localizable.strings in Resources */,
				3833DEF528B7EC54007333B0 /* Assets.xcassets in Resources */,
				3833DEF328B7EC50007333B0 /* Main.storyboard in Resources */,
			);
			runOnlyForDeploymentPostprocessing = 0;
		};
		3833DEFC28B7EC54007333B0 /* Resources */ = {
			isa = PBXResourcesBuildPhase;
			buildActionMask = 2147483647;
			files = (
			);
			runOnlyForDeploymentPostprocessing = 0;
		};
		3833DF0628B7EC55007333B0 /* Resources */ = {
			isa = PBXResourcesBuildPhase;
			buildActionMask = 2147483647;
			files = (
			);
			runOnlyForDeploymentPostprocessing = 0;
		};
/* End PBXResourcesBuildPhase section */

/* Begin PBXSourcesBuildPhase section */
		3833DEE428B7EC50007333B0 /* Sources */ = {
			isa = PBXSourcesBuildPhase;
			buildActionMask = 2147483647;
			files = (
				0BDC7FDB28BB2CA400C72E47 /* SearchMovieResponse.swift in Sources */,
				0BDC7FD728BB24A500C72E47 /* WebService.swift in Sources */,
				3866268F28B8F6AB00806A2E /* MovieCollectionViewCell.swift in Sources */,
				3833DF2B28B7F1A3007333B0 /* StringExtensions.swift in Sources */,
				3833DF2F28B7F5ED007333B0 /* SearchViewModel.swift in Sources */,
				0BCAFE9F28C0D92D0064645D /* UIViewExtesions.swift in Sources */,
				3833DEF028B7EC50007333B0 /* SearchViewController.swift in Sources */,
				3833DEEC28B7EC50007333B0 /* AppDelegate.swift in Sources */,
				3833DF3328B808B7007333B0 /* GlobalVariables.swift in Sources */,
				0B86FE872A0E91BF00E814DC /* LocalRepository.swift in Sources */,
				0BDC7FD828BB24A500C72E47 /* Repository.swift in Sources */,
				3833DF3128B7FC9E007333B0 /* UIViewControllerExtensions.swift in Sources */,
				0BCAFE9A28C0D24F0064645D /* UIImageViewExtensions.swift in Sources */,
				3833DEEE28B7EC50007333B0 /* SceneDelegate.swift in Sources */,
			);
			runOnlyForDeploymentPostprocessing = 0;
		};
		3833DEFA28B7EC54007333B0 /* Sources */ = {
			isa = PBXSourcesBuildPhase;
			buildActionMask = 2147483647;
			files = (
				3833DF1C28B7ECAE007333B0 /* Test_SearchViewController.swift in Sources */,
				3833DF0328B7EC54007333B0 /* MovieDBTests.swift in Sources */,
				3833DF1E28B7ECC8007333B0 /* Test_MovieViewController.swift in Sources */,
			);
			runOnlyForDeploymentPostprocessing = 0;
		};
		3833DF0428B7EC55007333B0 /* Sources */ = {
			isa = PBXSourcesBuildPhase;
			buildActionMask = 2147483647;
			files = (
				3833DF0D28B7EC55007333B0 /* MovieDBUITests.swift in Sources */,
				3833DF0F28B7EC55007333B0 /* MovieDBUITestsLaunchTests.swift in Sources */,
			);
			runOnlyForDeploymentPostprocessing = 0;
		};
/* End PBXSourcesBuildPhase section */

/* Begin PBXTargetDependency section */
		3833DF0028B7EC54007333B0 /* PBXTargetDependency */ = {
			isa = PBXTargetDependency;
			target = 3833DEE728B7EC50007333B0 /* MovieDB */;
			targetProxy = 3833DEFF28B7EC54007333B0 /* PBXContainerItemProxy */;
		};
		3833DF0A28B7EC55007333B0 /* PBXTargetDependency */ = {
			isa = PBXTargetDependency;
			target = 3833DEE728B7EC50007333B0 /* MovieDB */;
			targetProxy = 3833DF0928B7EC55007333B0 /* PBXContainerItemProxy */;
		};
/* End PBXTargetDependency section */

/* Begin PBXVariantGroup section */
		3833DEF128B7EC50007333B0 /* Main.storyboard */ = {
			isa = PBXVariantGroup;
			children = (
				3833DEF228B7EC50007333B0 /* Base */,
			);
			name = Main.storyboard;
			sourceTree = "<group>";
		};
		3833DEF628B7EC54007333B0 /* LaunchScreen.storyboard */ = {
			isa = PBXVariantGroup;
			children = (
				3833DEF728B7EC54007333B0 /* Base */,
			);
			name = LaunchScreen.storyboard;
			sourceTree = "<group>";
		};
		3833DF2728B7F0D1007333B0 /* Localizable.strings */ = {
			isa = PBXVariantGroup;
			children = (
				3833DF2628B7F0D1007333B0 /* en */,
				3833DF2828B7F0F0007333B0 /* ar */,
				3833DF2928B7F118007333B0 /* fa */,
			);
			name = Localizable.strings;
			sourceTree = "<group>";
		};
/* End PBXVariantGroup section */

/* Begin XCBuildConfiguration section */
		3833DF1028B7EC55007333B0 /* Debug */ = {
			isa = XCBuildConfiguration;
			buildSettings = {
				ALWAYS_SEARCH_USER_PATHS = NO;
				CLANG_ANALYZER_LOCALIZABILITY_NONLOCALIZED = YES;
				CLANG_ANALYZER_NONNULL = YES;
				CLANG_ANALYZER_NUMBER_OBJECT_CONVERSION = YES_AGGRESSIVE;
				CLANG_CXX_LANGUAGE_STANDARD = "gnu++17";
				CLANG_ENABLE_MODULES = YES;
				CLANG_ENABLE_OBJC_ARC = YES;
				CLANG_ENABLE_OBJC_WEAK = YES;
				CLANG_WARN_BLOCK_CAPTURE_AUTORELEASING = YES;
				CLANG_WARN_BOOL_CONVERSION = YES;
				CLANG_WARN_COMMA = YES;
				CLANG_WARN_CONSTANT_CONVERSION = YES;
				CLANG_WARN_DEPRECATED_OBJC_IMPLEMENTATIONS = YES;
				CLANG_WARN_DIRECT_OBJC_ISA_USAGE = YES_ERROR;
				CLANG_WARN_DOCUMENTATION_COMMENTS = YES;
				CLANG_WARN_EMPTY_BODY = YES;
				CLANG_WARN_ENUM_CONVERSION = YES;
				CLANG_WARN_INFINITE_RECURSION = YES;
				CLANG_WARN_INT_CONVERSION = YES;
				CLANG_WARN_NON_LITERAL_NULL_CONVERSION = YES;
				CLANG_WARN_OBJC_IMPLICIT_RETAIN_SELF = YES;
				CLANG_WARN_OBJC_LITERAL_CONVERSION = YES;
				CLANG_WARN_OBJC_ROOT_CLASS = YES_ERROR;
				CLANG_WARN_QUOTED_INCLUDE_IN_FRAMEWORK_HEADER = YES;
				CLANG_WARN_RANGE_LOOP_ANALYSIS = YES;
				CLANG_WARN_STRICT_PROTOTYPES = YES;
				CLANG_WARN_SUSPICIOUS_MOVE = YES;
				CLANG_WARN_UNGUARDED_AVAILABILITY = YES_AGGRESSIVE;
				CLANG_WARN_UNREACHABLE_CODE = YES;
				CLANG_WARN__DUPLICATE_METHOD_MATCH = YES;
				COPY_PHASE_STRIP = NO;
				DEBUG_INFORMATION_FORMAT = dwarf;
				ENABLE_STRICT_OBJC_MSGSEND = YES;
				ENABLE_TESTABILITY = YES;
				GCC_C_LANGUAGE_STANDARD = gnu11;
				GCC_DYNAMIC_NO_PIC = NO;
				GCC_NO_COMMON_BLOCKS = YES;
				GCC_OPTIMIZATION_LEVEL = 0;
				GCC_PREPROCESSOR_DEFINITIONS = (
					"DEBUG=1",
					"$(inherited)",
				);
				GCC_WARN_64_TO_32_BIT_CONVERSION = YES;
				GCC_WARN_ABOUT_RETURN_TYPE = YES_ERROR;
				GCC_WARN_UNDECLARED_SELECTOR = YES;
				GCC_WARN_UNINITIALIZED_AUTOS = YES_AGGRESSIVE;
				GCC_WARN_UNUSED_FUNCTION = YES;
				GCC_WARN_UNUSED_VARIABLE = YES;
				IPHONEOS_DEPLOYMENT_TARGET = 11.0;
				MTL_ENABLE_DEBUG_INFO = INCLUDE_SOURCE;
				MTL_FAST_MATH = YES;
				ONLY_ACTIVE_ARCH = YES;
				SDKROOT = iphoneos;
				SWIFT_ACTIVE_COMPILATION_CONDITIONS = DEBUG;
				SWIFT_OPTIMIZATION_LEVEL = "-Onone";
			};
			name = Debug;
		};
		3833DF1128B7EC55007333B0 /* Release */ = {
			isa = XCBuildConfiguration;
			buildSettings = {
				ALWAYS_SEARCH_USER_PATHS = NO;
				CLANG_ANALYZER_LOCALIZABILITY_NONLOCALIZED = YES;
				CLANG_ANALYZER_NONNULL = YES;
				CLANG_ANALYZER_NUMBER_OBJECT_CONVERSION = YES_AGGRESSIVE;
				CLANG_CXX_LANGUAGE_STANDARD = "gnu++17";
				CLANG_ENABLE_MODULES = YES;
				CLANG_ENABLE_OBJC_ARC = YES;
				CLANG_ENABLE_OBJC_WEAK = YES;
				CLANG_WARN_BLOCK_CAPTURE_AUTORELEASING = YES;
				CLANG_WARN_BOOL_CONVERSION = YES;
				CLANG_WARN_COMMA = YES;
				CLANG_WARN_CONSTANT_CONVERSION = YES;
				CLANG_WARN_DEPRECATED_OBJC_IMPLEMENTATIONS = YES;
				CLANG_WARN_DIRECT_OBJC_ISA_USAGE = YES_ERROR;
				CLANG_WARN_DOCUMENTATION_COMMENTS = YES;
				CLANG_WARN_EMPTY_BODY = YES;
				CLANG_WARN_ENUM_CONVERSION = YES;
				CLANG_WARN_INFINITE_RECURSION = YES;
				CLANG_WARN_INT_CONVERSION = YES;
				CLANG_WARN_NON_LITERAL_NULL_CONVERSION = YES;
				CLANG_WARN_OBJC_IMPLICIT_RETAIN_SELF = YES;
				CLANG_WARN_OBJC_LITERAL_CONVERSION = YES;
				CLANG_WARN_OBJC_ROOT_CLASS = YES_ERROR;
				CLANG_WARN_QUOTED_INCLUDE_IN_FRAMEWORK_HEADER = YES;
				CLANG_WARN_RANGE_LOOP_ANALYSIS = YES;
				CLANG_WARN_STRICT_PROTOTYPES = YES;
				CLANG_WARN_SUSPICIOUS_MOVE = YES;
				CLANG_WARN_UNGUARDED_AVAILABILITY = YES_AGGRESSIVE;
				CLANG_WARN_UNREACHABLE_CODE = YES;
				CLANG_WARN__DUPLICATE_METHOD_MATCH = YES;
				COPY_PHASE_STRIP = NO;
				DEBUG_INFORMATION_FORMAT = "dwarf-with-dsym";
				ENABLE_NS_ASSERTIONS = NO;
				ENABLE_STRICT_OBJC_MSGSEND = YES;
				GCC_C_LANGUAGE_STANDARD = gnu11;
				GCC_NO_COMMON_BLOCKS = YES;
				GCC_WARN_64_TO_32_BIT_CONVERSION = YES;
				GCC_WARN_ABOUT_RETURN_TYPE = YES_ERROR;
				GCC_WARN_UNDECLARED_SELECTOR = YES;
				GCC_WARN_UNINITIALIZED_AUTOS = YES_AGGRESSIVE;
				GCC_WARN_UNUSED_FUNCTION = YES;
				GCC_WARN_UNUSED_VARIABLE = YES;
				IPHONEOS_DEPLOYMENT_TARGET = 11.0;
				MTL_ENABLE_DEBUG_INFO = NO;
				MTL_FAST_MATH = YES;
				SDKROOT = iphoneos;
				SWIFT_COMPILATION_MODE = wholemodule;
				SWIFT_OPTIMIZATION_LEVEL = "-O";
				VALIDATE_PRODUCT = YES;
			};
			name = Release;
		};
		3833DF1328B7EC55007333B0 /* Debug */ = {
			isa = XCBuildConfiguration;
			buildSettings = {
				ASSETCATALOG_COMPILER_APPICON_NAME = AppIcon;
				ASSETCATALOG_COMPILER_GLOBAL_ACCENT_COLOR_NAME = AccentColor;
				CODE_SIGN_STYLE = Automatic;
				CURRENT_PROJECT_VERSION = 1;
				GENERATE_INFOPLIST_FILE = YES;
				INFOPLIST_FILE = MovieDB/Info.plist;
				INFOPLIST_KEY_UIApplicationSupportsIndirectInputEvents = YES;
				INFOPLIST_KEY_UILaunchStoryboardName = LaunchScreen;
				INFOPLIST_KEY_UIMainStoryboardFile = Main;
				INFOPLIST_KEY_UISupportedInterfaceOrientations = "UIInterfaceOrientationPortrait UIInterfaceOrientationPortraitUpsideDown UIInterfaceOrientationLandscapeLeft UIInterfaceOrientationLandscapeRight";
				INFOPLIST_KEY_UISupportedInterfaceOrientations_iPad = "UIInterfaceOrientationPortrait UIInterfaceOrientationPortraitUpsideDown UIInterfaceOrientationLandscapeLeft UIInterfaceOrientationLandscapeRight";
				INFOPLIST_KEY_UISupportedInterfaceOrientations_iPhone = "UIInterfaceOrientationPortrait UIInterfaceOrientationLandscapeLeft UIInterfaceOrientationLandscapeRight";
				IPHONEOS_DEPLOYMENT_TARGET = 11.0;
				LD_RUNPATH_SEARCH_PATHS = (
					"$(inherited)",
					"@executable_path/Frameworks",
				);
				MARKETING_VERSION = 1.0.0;
				PRODUCT_BUNDLE_IDENTIFIER = com.ahmadreza.MovieDB;
				PRODUCT_NAME = "$(TARGET_NAME)";
				SWIFT_EMIT_LOC_STRINGS = YES;
				SWIFT_VERSION = 5.0;
				TARGETED_DEVICE_FAMILY = 1;
			};
			name = Debug;
		};
		3833DF1428B7EC55007333B0 /* Release */ = {
			isa = XCBuildConfiguration;
			buildSettings = {
				ASSETCATALOG_COMPILER_APPICON_NAME = AppIcon;
				ASSETCATALOG_COMPILER_GLOBAL_ACCENT_COLOR_NAME = AccentColor;
				CODE_SIGN_STYLE = Automatic;
				CURRENT_PROJECT_VERSION = 1;
				GENERATE_INFOPLIST_FILE = YES;
				INFOPLIST_FILE = MovieDB/Info.plist;
				INFOPLIST_KEY_UIApplicationSupportsIndirectInputEvents = YES;
				INFOPLIST_KEY_UILaunchStoryboardName = LaunchScreen;
				INFOPLIST_KEY_UIMainStoryboardFile = Main;
				INFOPLIST_KEY_UISupportedInterfaceOrientations = "UIInterfaceOrientationPortrait UIInterfaceOrientationPortraitUpsideDown UIInterfaceOrientationLandscapeLeft UIInterfaceOrientationLandscapeRight";
				INFOPLIST_KEY_UISupportedInterfaceOrientations_iPad = "UIInterfaceOrientationPortrait UIInterfaceOrientationPortraitUpsideDown UIInterfaceOrientationLandscapeLeft UIInterfaceOrientationLandscapeRight";
				INFOPLIST_KEY_UISupportedInterfaceOrientations_iPhone = "UIInterfaceOrientationPortrait UIInterfaceOrientationLandscapeLeft UIInterfaceOrientationLandscapeRight";
				IPHONEOS_DEPLOYMENT_TARGET = 11.0;
				LD_RUNPATH_SEARCH_PATHS = (
					"$(inherited)",
					"@executable_path/Frameworks",
				);
				MARKETING_VERSION = 1.0.0;
				PRODUCT_BUNDLE_IDENTIFIER = com.ahmadreza.MovieDB;
				PRODUCT_NAME = "$(TARGET_NAME)";
				SWIFT_EMIT_LOC_STRINGS = YES;
				SWIFT_VERSION = 5.0;
				TARGETED_DEVICE_FAMILY = 1;
			};
			name = Release;
		};
		3833DF1628B7EC55007333B0 /* Debug */ = {
			isa = XCBuildConfiguration;
			buildSettings = {
				ALWAYS_EMBED_SWIFT_STANDARD_LIBRARIES = YES;
				BUNDLE_LOADER = "$(TEST_HOST)";
				CODE_SIGN_STYLE = Automatic;
				CURRENT_PROJECT_VERSION = 1;
				GENERATE_INFOPLIST_FILE = YES;
				IPHONEOS_DEPLOYMENT_TARGET = 15.5;
				MARKETING_VERSION = 1.0;
				PRODUCT_BUNDLE_IDENTIFIER = com.ahmadreza.MovieDBTests;
				PRODUCT_NAME = "$(TARGET_NAME)";
				SWIFT_EMIT_LOC_STRINGS = NO;
				SWIFT_VERSION = 5.0;
				TARGETED_DEVICE_FAMILY = "1,2";
				TEST_HOST = "$(BUILT_PRODUCTS_DIR)/MovieDB.app/MovieDB";
			};
			name = Debug;
		};
		3833DF1728B7EC55007333B0 /* Release */ = {
			isa = XCBuildConfiguration;
			buildSettings = {
				ALWAYS_EMBED_SWIFT_STANDARD_LIBRARIES = YES;
				BUNDLE_LOADER = "$(TEST_HOST)";
				CODE_SIGN_STYLE = Automatic;
				CURRENT_PROJECT_VERSION = 1;
				GENERATE_INFOPLIST_FILE = YES;
				IPHONEOS_DEPLOYMENT_TARGET = 15.5;
				MARKETING_VERSION = 1.0;
				PRODUCT_BUNDLE_IDENTIFIER = com.ahmadreza.MovieDBTests;
				PRODUCT_NAME = "$(TARGET_NAME)";
				SWIFT_EMIT_LOC_STRINGS = NO;
				SWIFT_VERSION = 5.0;
				TARGETED_DEVICE_FAMILY = "1,2";
				TEST_HOST = "$(BUILT_PRODUCTS_DIR)/MovieDB.app/MovieDB";
			};
			name = Release;
		};
		3833DF1928B7EC55007333B0 /* Debug */ = {
			isa = XCBuildConfiguration;
			buildSettings = {
				ALWAYS_EMBED_SWIFT_STANDARD_LIBRARIES = YES;
				CODE_SIGN_STYLE = Automatic;
				CURRENT_PROJECT_VERSION = 1;
				GENERATE_INFOPLIST_FILE = YES;
				MARKETING_VERSION = 1.0;
				PRODUCT_BUNDLE_IDENTIFIER = com.ahmadreza.MovieDBUITests;
				PRODUCT_NAME = "$(TARGET_NAME)";
				SWIFT_EMIT_LOC_STRINGS = NO;
				SWIFT_VERSION = 5.0;
				TARGETED_DEVICE_FAMILY = "1,2";
				TEST_TARGET_NAME = MovieDB;
			};
			name = Debug;
		};
		3833DF1A28B7EC55007333B0 /* Release */ = {
			isa = XCBuildConfiguration;
			buildSettings = {
				ALWAYS_EMBED_SWIFT_STANDARD_LIBRARIES = YES;
				CODE_SIGN_STYLE = Automatic;
				CURRENT_PROJECT_VERSION = 1;
				GENERATE_INFOPLIST_FILE = YES;
				MARKETING_VERSION = 1.0;
				PRODUCT_BUNDLE_IDENTIFIER = com.ahmadreza.MovieDBUITests;
				PRODUCT_NAME = "$(TARGET_NAME)";
				SWIFT_EMIT_LOC_STRINGS = NO;
				SWIFT_VERSION = 5.0;
				TARGETED_DEVICE_FAMILY = "1,2";
				TEST_TARGET_NAME = MovieDB;
			};
			name = Release;
		};
/* End XCBuildConfiguration section */

/* Begin XCConfigurationList section */
		3833DEE328B7EC4F007333B0 /* Build configuration list for PBXProject "MovieDB" */ = {
			isa = XCConfigurationList;
			buildConfigurations = (
				3833DF1028B7EC55007333B0 /* Debug */,
				3833DF1128B7EC55007333B0 /* Release */,
			);
			defaultConfigurationIsVisible = 0;
			defaultConfigurationName = Release;
		};
		3833DF1228B7EC55007333B0 /* Build configuration list for PBXNativeTarget "MovieDB" */ = {
			isa = XCConfigurationList;
			buildConfigurations = (
				3833DF1328B7EC55007333B0 /* Debug */,
				3833DF1428B7EC55007333B0 /* Release */,
			);
			defaultConfigurationIsVisible = 0;
			defaultConfigurationName = Release;
		};
		3833DF1528B7EC55007333B0 /* Build configuration list for PBXNativeTarget "MovieDBTests" */ = {
			isa = XCConfigurationList;
			buildConfigurations = (
				3833DF1628B7EC55007333B0 /* Debug */,
				3833DF1728B7EC55007333B0 /* Release */,
			);
			defaultConfigurationIsVisible = 0;
			defaultConfigurationName = Release;
		};
		3833DF1828B7EC55007333B0 /* Build configuration list for PBXNativeTarget "MovieDBUITests" */ = {
			isa = XCConfigurationList;
			buildConfigurations = (
				3833DF1928B7EC55007333B0 /* Debug */,
				3833DF1A28B7EC55007333B0 /* Release */,
			);
			defaultConfigurationIsVisible = 0;
			defaultConfigurationName = Release;
		};
/* End XCConfigurationList section */

/* Begin XCRemoteSwiftPackageReference section */
		0BCAFE9B28C0D5970064645D /* XCRemoteSwiftPackageReference "SDWebImage" */ = {
			isa = XCRemoteSwiftPackageReference;
			repositoryURL = "https://github.com/SDWebImage/SDWebImage";
			requirement = {
				branch = master;
				kind = branch;
			};
		};
/* End XCRemoteSwiftPackageReference section */

/* Begin XCSwiftPackageProductDependency section */
		0BCAFE9C28C0D5970064645D /* SDWebImage */ = {
			isa = XCSwiftPackageProductDependency;
			package = 0BCAFE9B28C0D5970064645D /* XCRemoteSwiftPackageReference "SDWebImage" */;
			productName = SDWebImage;
		};
/* End XCSwiftPackageProductDependency section */
	};
	rootObject = 3833DEE028B7EC4F007333B0 /* Project object */;
}
